
Microsoft Visual Studio Solution File, Format Version 12.00
# Visual Studio Version 16
VisualStudioVersion = 16.0.31515.178
MinimumVisualStudioVersion = 10.0.40219.1
Project("{8BC9CEB8-8B4A-11D0-8D11-00A0C91BC942}") = "Sandbox", "Sandbox\Sandbox.vcxproj", "{68EE6CFE-7848-4831-9B58-021935E49F9F}"
EndProject
Project("{8BC9CEB8-8B4A-11D0-8D11-00A0C91BC942}") = "Novity", "Novity\Novity.vcxproj", "{F301A0DB-2EDA-4584-BF85-5685978F3C42}"
EndProject
Global
	GlobalSection(SolutionConfigurationPlatforms) = preSolution
		Debug|x64 = Debug|x64
		Release|x64 = Release|x64
	EndGlobalSection
	GlobalSection(ProjectConfigurationPlatforms) = postSolution
		{F301A0DB-2EDA-4584-BF85-5685978F3C42}.Debug|x64.ActiveCfg = Debug|x64
		{F301A0DB-2EDA-4584-BF85-5685978F3C42}.Debug|x64.Build.0 = Debug|x64
		{F301A0DB-2EDA-4584-BF85-5685978F3C42}.Release|x64.ActiveCfg = Release|x64
		{F301A0DB-2EDA-4584-BF85-5685978F3C42}.Release|x64.Build.0 = Release|x64
		{68EE6CFE-7848-4831-9B58-021935E49F9F}.Debug|x64.ActiveCfg = Debug|x64
		{68EE6CFE-7848-4831-9B58-021935E49F9F}.Debug|x64.Build.0 = Debug|x64
		{68EE6CFE-7848-4831-9B58-021935E49F9F}.Release|x64.ActiveCfg = Release|x64
		{68EE6CFE-7848-4831-9B58-021935E49F9F}.Release|x64.Build.0 = Release|x64
	EndGlobalSection
	GlobalSection(SolutionProperties) = preSolution
		HideSolutionNode = FALSE
	EndGlobalSection
	GlobalSection(ExtensibilityGlobals) = postSolution
		SolutionGuid = {EA222CD4-798B-4115-8A93-1FB13C5E093E}
	EndGlobalSection
EndGlobal
